
Microsoft Visual Studio Solution File, Format Version 12.00
# Visual Studio Version 17
VisualStudioVersion = 17.9.34728.123
MinimumVisualStudioVersion = 10.0.40219.1
Project("{FAE04EC0-301F-11D3-BF4B-00C04F79EFBC}") = "BinaryFileComparer", "BinaryFileComparer\BinaryFileComparer.csproj", "{6F213053-E89B-4F90-AA49-229C5821551C}"
EndProject
Global
	GlobalSection(SolutionConfigurationPlatforms) = preSolution
		Debug|Any CPU = Debug|Any CPU
		Release|Any CPU = Release|Any CPU
	EndGlobalSection
	GlobalSection(ProjectConfigurationPlatforms) = postSolution
		{6F213053-E89B-4F90-AA49-229C5821551C}.Debug|Any CPU.ActiveCfg = Debug|Any CPU
		{6F213053-E89B-4F90-AA49-229C5821551C}.Debug|Any CPU.Build.0 = Debug|Any CPU
		{6F213053-E89B-4F90-AA49-229C5821551C}.Release|Any CPU.ActiveCfg = Release|Any CPU
		{6F213053-E89B-4F90-AA49-229C5821551C}.Release|Any CPU.Build.0 = Release|Any CPU
	EndGlobalSection
	GlobalSection(SolutionProperties) = preSolution
		HideSolutionNode = FALSE
	EndGlobalSection
	GlobalSection(ExtensibilityGlobals) = postSolution
		SolutionGuid = {19B816F5-F29C-4D5D-873B-D9AF2E17CED0}
	EndGlobalSection
EndGlobal
